
Microsoft Visual Studio Solution File, Format Version 12.00
# Visual Studio 14
VisualStudioVersion = 14.0.24720.0
MinimumVisualStudioVersion = 10.0.40219.1
Project("{FAE04EC0-301F-11D3-BF4B-00C04F79EFBC}") = "ConsoleApplication4", "ConsoleApplication4\ConsoleApplication4.csproj", "{835E5F3F-1740-481E-8029-756E17A6E70A}"
EndProject
Global
	GlobalSection(SolutionConfigurationPlatforms) = preSolution
		Debug|Any CPU = Debug|Any CPU
		Release|Any CPU = Release|Any CPU
	EndGlobalSection
	GlobalSection(ProjectConfigurationPlatforms) = postSolution
		{835E5F3F-1740-481E-8029-756E17A6E70A}.Debug|Any CPU.ActiveCfg = Debug|Any CPU
		{835E5F3F-1740-481E-8029-756E17A6E70A}.Debug|Any CPU.Build.0 = Debug|Any CPU
		{835E5F3F-1740-481E-8029-756E17A6E70A}.Release|Any CPU.ActiveCfg = Release|Any CPU
		{835E5F3F-1740-481E-8029-756E17A6E70A}.Release|Any CPU.Build.0 = Release|Any CPU
	EndGlobalSection
	GlobalSection(SolutionProperties) = preSolution
		HideSolutionNode = FALSE
	EndGlobalSection
EndGlobal
