
Microsoft Visual Studio Solution File, Format Version 12.00
# Visual Studio 14
VisualStudioVersion = 14.0.24720.0
MinimumVisualStudioVersion = 10.0.40219.1
Project("{FAE04EC0-301F-11D3-BF4B-00C04F79EFBC}") = "ConsoleApplication19", "ConsoleApplication19\ConsoleApplication19.csproj", "{DCC53D92-CC13-491B-89C0-06C0FB79E985}"
EndProject
Global
	GlobalSection(SolutionConfigurationPlatforms) = preSolution
		Debug|Any CPU = Debug|Any CPU
		Release|Any CPU = Release|Any CPU
	EndGlobalSection
	GlobalSection(ProjectConfigurationPlatforms) = postSolution
		{DCC53D92-CC13-491B-89C0-06C0FB79E985}.Debug|Any CPU.ActiveCfg = Debug|Any CPU
		{DCC53D92-CC13-491B-89C0-06C0FB79E985}.Debug|Any CPU.Build.0 = Debug|Any CPU
		{DCC53D92-CC13-491B-89C0-06C0FB79E985}.Release|Any CPU.ActiveCfg = Release|Any CPU
		{DCC53D92-CC13-491B-89C0-06C0FB79E985}.Release|Any CPU.Build.0 = Release|Any CPU
	EndGlobalSection
	GlobalSection(SolutionProperties) = preSolution
		HideSolutionNode = FALSE
	EndGlobalSection
EndGlobal
